
Microsoft Visual Studio Solution File, Format Version 12.00
# Visual Studio 15
VisualStudioVersion = 15.0.27703.2035
MinimumVisualStudioVersion = 10.0.40219.1
Project("{8BC9CEB8-8B4A-11D0-8D11-00A0C91BC942}") = "ProcdrawLib", "ProcdrawLib\ProcdrawLib.vcxproj", "{3AC12AC7-FA81-4C6B-916E-B9D9330CE90E}"
EndProject
Project("{8BC9CEB8-8B4A-11D0-8D11-00A0C91BC942}") = "ProcdrawTests", "ProcdrawTests\ProcdrawTests.vcxproj", "{59DCB670-A98F-4E4C-8D47-8E1DC7395504}"
EndProject
Project("{8BC9CEB8-8B4A-11D0-8D11-00A0C91BC942}") = "pugixml", "vendor\msbuild\pugixml\pugixml.vcxproj", "{7841A6BD-2D08-4A03-A505-6B0F0C554BC1}"
EndProject
Project("{8BC9CEB8-8B4A-11D0-8D11-00A0C91BC942}") = "Procdraw", "Procdraw\Procdraw.vcxproj", "{78A85661-45D9-42B0-B2A5-A6B1722006AF}"
EndProject
Global
	GlobalSection(SolutionConfigurationPlatforms) = preSolution
		Debug|x64 = Debug|x64
		Debug|x86 = Debug|x86
		Release|x64 = Release|x64
		Release|x86 = Release|x86
	EndGlobalSection
	GlobalSection(ProjectConfigurationPlatforms) = postSolution
		{3AC12AC7-FA81-4C6B-916E-B9D9330CE90E}.Debug|x64.ActiveCfg = Debug|x64
		{3AC12AC7-FA81-4C6B-916E-B9D9330CE90E}.Debug|x64.Build.0 = Debug|x64
		{3AC12AC7-FA81-4C6B-916E-B9D9330CE90E}.Debug|x86.ActiveCfg = Debug|Win32
		{3AC12AC7-FA81-4C6B-916E-B9D9330CE90E}.Debug|x86.Build.0 = Debug|Win32
		{3AC12AC7-FA81-4C6B-916E-B9D9330CE90E}.Release|x64.ActiveCfg = Release|x64
		{3AC12AC7-FA81-4C6B-916E-B9D9330CE90E}.Release|x64.Build.0 = Release|x64
		{3AC12AC7-FA81-4C6B-916E-B9D9330CE90E}.Release|x86.ActiveCfg = Release|Win32
		{3AC12AC7-FA81-4C6B-916E-B9D9330CE90E}.Release|x86.Build.0 = Release|Win32
		{59DCB670-A98F-4E4C-8D47-8E1DC7395504}.Debug|x64.ActiveCfg = Debug|x64
		{59DCB670-A98F-4E4C-8D47-8E1DC7395504}.Debug|x64.Build.0 = Debug|x64
		{59DCB670-A98F-4E4C-8D47-8E1DC7395504}.Debug|x86.ActiveCfg = Debug|Win32
		{59DCB670-A98F-4E4C-8D47-8E1DC7395504}.Debug|x86.Build.0 = Debug|Win32
		{59DCB670-A98F-4E4C-8D47-8E1DC7395504}.Release|x64.ActiveCfg = Release|x64
		{59DCB670-A98F-4E4C-8D47-8E1DC7395504}.Release|x64.Build.0 = Release|x64
		{59DCB670-A98F-4E4C-8D47-8E1DC7395504}.Release|x86.ActiveCfg = Release|Win32
		{59DCB670-A98F-4E4C-8D47-8E1DC7395504}.Release|x86.Build.0 = Release|Win32
		{7841A6BD-2D08-4A03-A505-6B0F0C554BC1}.Debug|x64.ActiveCfg = Debug|x64
		{7841A6BD-2D08-4A03-A505-6B0F0C554BC1}.Debug|x64.Build.0 = Debug|x64
		{7841A6BD-2D08-4A03-A505-6B0F0C554BC1}.Debug|x86.ActiveCfg = Debug|Win32
		{7841A6BD-2D08-4A03-A505-6B0F0C554BC1}.Debug|x86.Build.0 = Debug|Win32
		{7841A6BD-2D08-4A03-A505-6B0F0C554BC1}.Release|x64.ActiveCfg = Release|x64
		{7841A6BD-2D08-4A03-A505-6B0F0C554BC1}.Release|x64.Build.0 = Release|x64
		{7841A6BD-2D08-4A03-A505-6B0F0C554BC1}.Release|x86.ActiveCfg = Release|Win32
		{7841A6BD-2D08-4A03-A505-6B0F0C554BC1}.Release|x86.Build.0 = Release|Win32
		{78A85661-45D9-42B0-B2A5-A6B1722006AF}.Debug|x64.ActiveCfg = Debug|x64
		{78A85661-45D9-42B0-B2A5-A6B1722006AF}.Debug|x64.Build.0 = Debug|x64
		{78A85661-45D9-42B0-B2A5-A6B1722006AF}.Debug|x86.ActiveCfg = Debug|Win32
		{78A85661-45D9-42B0-B2A5-A6B1722006AF}.Debug|x86.Build.0 = Debug|Win32
		{78A85661-45D9-42B0-B2A5-A6B1722006AF}.Release|x64.ActiveCfg = Release|x64
		{78A85661-45D9-42B0-B2A5-A6B1722006AF}.Release|x64.Build.0 = Release|x64
		{78A85661-45D9-42B0-B2A5-A6B1722006AF}.Release|x86.ActiveCfg = Release|Win32
		{78A85661-45D9-42B0-B2A5-A6B1722006AF}.Release|x86.Build.0 = Release|Win32
	EndGlobalSection
	GlobalSection(SolutionProperties) = preSolution
		HideSolutionNode = FALSE
	EndGlobalSection
	GlobalSection(ExtensibilityGlobals) = postSolution
		SolutionGuid = {E8957DF1-B4A2-4B33-BBF8-2E00EA380582}
	EndGlobalSection
EndGlobal
